{
  "requires": true,
  "lockfileVersion": 1,
  "dependencies": {
    "nouislider": {
      "version": "14.6.0",
      "resolved": "https://registry.npmjs.org/nouislider/-/nouislider-14.6.0.tgz",
      "integrity": "sha512-KY0jH2pU4G/55wpoS5Ynyrc5xpOMZ10/Xr51sMYG/JxmYoPJGy3fG8mOMio0MJXerKp5Go3elwcODk3lX6mFMQ=="
    }
  }
}
